
Microsoft Visual Studio Solution File, Format Version 12.00
# Visual Studio 15
VisualStudioVersion = 15.0.27130.2036
MinimumVisualStudioVersion = 10.0.40219.1
Project("{A07B5EB6-E848-4116-A8D0-A826331D98C6}") = "Service_Fabric_Controller", "Service Fabric Controller\Service_Fabric_Controller.sfproj", "{FCA6CC02-464A-454F-85CF-7F582178861D}"
EndProject
Project("{FAE04EC0-301F-11D3-BF4B-00C04F79EFBC}") = "SFC_Web", "SFC_Web\SFC_Web.csproj", "{BAA44F63-C260-406D-95FB-F54D220D13AB}"
EndProject
Global
	GlobalSection(SolutionConfigurationPlatforms) = preSolution
		Debug|Any CPU = Debug|Any CPU
		Debug|x64 = Debug|x64
		Release|Any CPU = Release|Any CPU
		Release|x64 = Release|x64
	EndGlobalSection
	GlobalSection(ProjectConfigurationPlatforms) = postSolution
		{FCA6CC02-464A-454F-85CF-7F582178861D}.Debug|Any CPU.ActiveCfg = Debug|x64
		{FCA6CC02-464A-454F-85CF-7F582178861D}.Debug|x64.ActiveCfg = Debug|x64
		{FCA6CC02-464A-454F-85CF-7F582178861D}.Debug|x64.Build.0 = Debug|x64
		{FCA6CC02-464A-454F-85CF-7F582178861D}.Debug|x64.Deploy.0 = Debug|x64
		{FCA6CC02-464A-454F-85CF-7F582178861D}.Release|Any CPU.ActiveCfg = Release|x64
		{FCA6CC02-464A-454F-85CF-7F582178861D}.Release|x64.ActiveCfg = Release|x64
		{FCA6CC02-464A-454F-85CF-7F582178861D}.Release|x64.Build.0 = Release|x64
		{FCA6CC02-464A-454F-85CF-7F582178861D}.Release|x64.Deploy.0 = Release|x64
		{BAA44F63-C260-406D-95FB-F54D220D13AB}.Debug|Any CPU.ActiveCfg = Debug|Any CPU
		{BAA44F63-C260-406D-95FB-F54D220D13AB}.Debug|Any CPU.Build.0 = Debug|Any CPU
		{BAA44F63-C260-406D-95FB-F54D220D13AB}.Debug|x64.ActiveCfg = Debug|Any CPU
		{BAA44F63-C260-406D-95FB-F54D220D13AB}.Debug|x64.Build.0 = Debug|Any CPU
		{BAA44F63-C260-406D-95FB-F54D220D13AB}.Release|Any CPU.ActiveCfg = Release|Any CPU
		{BAA44F63-C260-406D-95FB-F54D220D13AB}.Release|Any CPU.Build.0 = Release|Any CPU
		{BAA44F63-C260-406D-95FB-F54D220D13AB}.Release|x64.ActiveCfg = Release|Any CPU
		{BAA44F63-C260-406D-95FB-F54D220D13AB}.Release|x64.Build.0 = Release|Any CPU
	EndGlobalSection
	GlobalSection(SolutionProperties) = preSolution
		HideSolutionNode = FALSE
	EndGlobalSection
	GlobalSection(ExtensibilityGlobals) = postSolution
		SolutionGuid = {94263DF2-55E6-4B16-A41E-874661823DAD}
	EndGlobalSection
EndGlobal
